
Microsoft Visual Studio Solution File, Format Version 12.00
# Visual Studio Version 17
VisualStudioVersion = 17.1.32319.34
MinimumVisualStudioVersion = 10.0.40219.1
Project("{FAE04EC0-301F-11D3-BF4B-00C04F79EFBC}") = "ColorViewer_Final", "ColorViewer_Final\ColorViewer_Final.csproj", "{597C5D51-BA37-4DA9-AD26-9A15623CDE4B}"
EndProject
Global
	GlobalSection(SolutionConfigurationPlatforms) = preSolution
		Debug|Any CPU = Debug|Any CPU
		Release|Any CPU = Release|Any CPU
	EndGlobalSection
	GlobalSection(ProjectConfigurationPlatforms) = postSolution
		{597C5D51-BA37-4DA9-AD26-9A15623CDE4B}.Debug|Any CPU.ActiveCfg = Debug|Any CPU
		{597C5D51-BA37-4DA9-AD26-9A15623CDE4B}.Debug|Any CPU.Build.0 = Debug|Any CPU
		{597C5D51-BA37-4DA9-AD26-9A15623CDE4B}.Release|Any CPU.ActiveCfg = Release|Any CPU
		{597C5D51-BA37-4DA9-AD26-9A15623CDE4B}.Release|Any CPU.Build.0 = Release|Any CPU
	EndGlobalSection
	GlobalSection(SolutionProperties) = preSolution
		HideSolutionNode = FALSE
	EndGlobalSection
	GlobalSection(ExtensibilityGlobals) = postSolution
		SolutionGuid = {D15F98D3-144F-4CA6-BE30-B3E61B4622D6}
	EndGlobalSection
EndGlobal
